
Microsoft Visual Studio Solution File, Format Version 12.00
# Visual Studio Version 17
VisualStudioVersion = 17.9.34701.34
MinimumVisualStudioVersion = 10.0.40219.1
Project("{FAE04EC0-301F-11D3-BF4B-00C04F79EFBC}") = "QR-CODE", "QR-CODE\QR-CODE.csproj", "{67CE04B5-033C-43D8-BFDD-114FD4C51A72}"
EndProject
Global
	GlobalSection(SolutionConfigurationPlatforms) = preSolution
		Debug|Any CPU = Debug|Any CPU
		Release|Any CPU = Release|Any CPU
	EndGlobalSection
	GlobalSection(ProjectConfigurationPlatforms) = postSolution
		{67CE04B5-033C-43D8-BFDD-114FD4C51A72}.Debug|Any CPU.ActiveCfg = Debug|Any CPU
		{67CE04B5-033C-43D8-BFDD-114FD4C51A72}.Debug|Any CPU.Build.0 = Debug|Any CPU
		{67CE04B5-033C-43D8-BFDD-114FD4C51A72}.Release|Any CPU.ActiveCfg = Release|Any CPU
		{67CE04B5-033C-43D8-BFDD-114FD4C51A72}.Release|Any CPU.Build.0 = Release|Any CPU
	EndGlobalSection
	GlobalSection(SolutionProperties) = preSolution
		HideSolutionNode = FALSE
	EndGlobalSection
	GlobalSection(ExtensibilityGlobals) = postSolution
		SolutionGuid = {A9F74ABE-D3E0-482C-A2FB-DDC7CF9A3A08}
	EndGlobalSection
EndGlobal
